{
  "name": "blackheath-wind-meter",
  "lockfileVersion": 2,
  "requires": true,
  "packages": {
    "": {
      "dependencies": {
        "react-hotjar": "^5.4.1"
      }
    },
    "node_modules/react-hotjar": {
      "version": "5.4.1",
      "resolved": "https://registry.npmjs.org/react-hotjar/-/react-hotjar-5.4.1.tgz",
      "integrity": "sha512-2205ONuPZzAFAQaIG2BQf/l8nePf5ir16vF7S/RT937JYvw3c7WSH65XRnL3sT4GMpU4eDzesB964xNE5wjGPQ=="
    }
  },
  "dependencies": {
    "react-hotjar": {
      "version": "5.4.1",
      "resolved": "https://registry.npmjs.org/react-hotjar/-/react-hotjar-5.4.1.tgz",
      "integrity": "sha512-2205ONuPZzAFAQaIG2BQf/l8nePf5ir16vF7S/RT937JYvw3c7WSH65XRnL3sT4GMpU4eDzesB964xNE5wjGPQ=="
    }
  }
}
